// !$*UTF8*$!
{
	archiveVersion = 1;
	classes = {
	};
	objectVersion = 46;
	objects = {

/* Begin PBXBuildFile section */
		54893B6B1B131EFC00F49D2B /* main.m in Sources */ = {isa = PBXBuildFile; fileRef = 54893B6A1B131EFC00F49D2B /* main.m */; };
		54893B6E1B131EFC00F49D2B /* AppDelegate.m in Sources */ = {isa = PBXBuildFile; fileRef = 54893B6D1B131EFC00F49D2B /* AppDelegate.m */; };
		54893B711B131EFC00F49D2B /* ViewController.m in Sources */ = {isa = PBXBuildFile; fileRef = 54893B701B131EFC00F49D2B /* ViewController.m */; };
		54893B741B131EFC00F49D2B /* Main.storyboard in Resources */ = {isa = PBXBuildFile; fileRef = 54893B721B131EFC00F49D2B /* Main.storyboard */; };
		54893B761B131EFC00F49D2B /* Images.xcassets in Resources */ = {isa = PBXBuildFile; fileRef = 54893B751B131EFC00F49D2B /* Images.xcassets */; };
		54893B791B131EFC00F49D2B /* LaunchScreen.xib in Resources */ = {isa = PBXBuildFile; fileRef = 54893B771B131EFC00F49D2B /* LaunchScreen.xib */; };
		54893B851B131EFC00F49D2B /* CategoryProjectTests.m in Sources */ = {isa = PBXBuildFile; fileRef = 54893B841B131EFC00F49D2B /* CategoryProjectTests.m */; };
/* End PBXBuildFile section */

/* Begin PBXContainerItemProxy section */
		54893B7F1B131EFC00F49D2B /* PBXContainerItemProxy */ = {
			isa = PBXContainerItemProxy;
			containerPortal = 54893B5D1B131EFC00F49D2B /* Project object */;
			proxyType = 1;
			remoteGlobalIDString = 54893B641B131EFC00F49D2B;
			remoteInfo = CategoryProject;
		};
/* End PBXContainerItemProxy section */

/* Begin PBXFileReference section */
		54893B651B131EFC00F49D2B /* CategoryProject.app */ = {isa = PBXFileReference; explicitFileType = wrapper.application; includeInIndex = 0; path = CategoryProject.app; sourceTree = BUILT_PRODUCTS_DIR; };
		54893B691B131EFC00F49D2B /* Info.plist */ = {isa = PBXFileReference; lastKnownFileType = text.plist.xml; path = Info.plist; sourceTree = "<group>"; };
		54893B6A1B131EFC00F49D2B /* main.m */ = {isa = PBXFileReference; lastKnownFileType = sourcecode.c.objc; path = main.m; sourceTree = "<group>"; };
		54893B6C1B131EFC00F49D2B /* AppDelegate.h */ = {isa = PBXFileReference; lastKnownFileType = sourcecode.c.h; path = AppDelegate.h; sourceTree = "<group>"; };
		54893B6D1B131EFC00F49D2B /* AppDelegate.m */ = {isa = PBXFileReference; lastKnownFileType = sourcecode.c.objc; path = AppDelegate.m; sourceTree = "<group>"; };
		54893B6F1B131EFC00F49D2B /* ViewController.h */ = {isa = PBXFileReference; lastKnownFileType = sourcecode.c.h; path = ViewController.h; sourceTree = "<group>"; };
		54893B701B131EFC00F49D2B /* ViewController.m */ = {isa = PBXFileReference; lastKnownFileType = sourcecode.c.objc; path = ViewController.m; sourceTree = "<group>"; };
		54893B731B131EFC00F49D2B /* Base */ = {isa = PBXFileReference; lastKnownFileType = file.storyboard; name = Base; path = Base.lproj/Main.storyboard; sourceTree = "<group>"; };
		54893B751B131EFC00F49D2B /* Images.xcassets */ = {isa = PBXFileReference; lastKnownFileType = folder.assetcatalog; path = Images.xcassets; sourceTree = "<group>"; };
		54893B781B131EFC00F49D2B /* Base */ = {isa = PBXFileReference; lastKnownFileType = file.xib; name = Base; path = Base.lproj/LaunchScreen.xib; sourceTree = "<group>"; };
		54893B7E1B131EFC00F49D2B /* CategoryProjectTests.xctest */ = {isa = PBXFileReference; explicitFileType = wrapper.cfbundle; includeInIndex = 0; path = CategoryProjectTests.xctest; sourceTree = BUILT_PRODUCTS_DIR; };
		54893B831B131EFC00F49D2B /* Info.plist */ = {isa = PBXFileReference; lastKnownFileType = text.plist.xml; path = Info.plist; sourceTree = "<group>"; };
		54893B841B131EFC00F49D2B /* CategoryProjectTests.m */ = {isa = PBXFileReference; lastKnownFileType = sourcecode.c.objc; path = CategoryProjectTests.m; sourceTree = "<group>"; };
/* End PBXFileReference section */

/* Begin PBXFrameworksBuildPhase section */
		54893B621B131EFC00F49D2B /* Frameworks */ = {
			isa = PBXFrameworksBuildPhase;
			buildActionMask = 2147483647;
			files = (
			);
			runOnlyForDeploymentPostprocessing = 0;
		};
		54893B7B1B131EFC00F49D2B /* Frameworks */ = {
			isa = PBXFrameworksBuildPhase;
			buildActionMask = 2147483647;
			files = (
			);
			runOnlyForDeploymentPostprocessing = 0;
		};
/* End PBXFrameworksBuildPhase section */

/* Begin PBXGroup section */
		54893B5C1B131EFC00F49D2B = {
			isa = PBXGroup;
			children = (
				54893B671B131EFC00F49D2B /* CategoryProject */,
				54893B811B131EFC00F49D2B /* CategoryProjectTests */,
				54893B661B131EFC00F49D2B /* Products */,
			);
			sourceTree = "<group>";
		};
		54893B661B131EFC00F49D2B /* Products */ = {
			isa = PBXGroup;
			children = (
				54893B651B131EFC00F49D2B /* CategoryProject.app */,
				54893B7E1B131EFC00F49D2B /* CategoryProjectTests.xctest */,
			);
			name = Products;
			sourceTree = "<group>";
		};
		54893B671B131EFC00F49D2B /* CategoryProject */ = {
			isa = PBXGroup;
			children = (
				54893B6C1B131EFC00F49D2B /* AppDelegate.h */,
				54893B6D1B131EFC00F49D2B /* AppDelegate.m */,
				54893B6F1B131EFC00F49D2B /* ViewController.h */,
				54893B701B131EFC00F49D2B /* ViewController.m */,
				54893B721B131EFC00F49D2B /* Main.storyboard */,
				54893B751B131EFC00F49D2B /* Images.xcassets */,
				54893B771B131EFC00F49D2B /* LaunchScreen.xib */,
				54893B681B131EFC00F49D2B /* Supporting Files */,
			);
			path = CategoryProject;
			sourceTree = "<group>";
		};
		54893B681B131EFC00F49D2B /* Supporting Files */ = {
			isa = PBXGroup;
			children = (
				54893B691B131EFC00F49D2B /* Info.plist */,
				54893B6A1B131EFC00F49D2B /* main.m */,
			);
			name = "Supporting Files";
			sourceTree = "<group>";
		};
		54893B811B131EFC00F49D2B /* CategoryProjectTests */ = {
			isa = PBXGroup;
			children = (
				54893B841B131EFC00F49D2B /* CategoryProjectTests.m */,
				54893B821B131EFC00F49D2B /* Supporting Files */,
			);
			path = CategoryProjectTests;
			sourceTree = "<group>";
		};
		54893B821B131EFC00F49D2B /* Supporting Files */ = {
			isa = PBXGroup;
			children = (
				54893B831B131EFC00F49D2B /* Info.plist */,
			);
			name = "Supporting Files";
			sourceTree = "<group>";
		};
/* End PBXGroup section */

/* Begin PBXNativeTarget section */
		54893B641B131EFC00F49D2B /* CategoryProject */ = {
			isa = PBXNativeTarget;
			buildConfigurationList = 54893B881B131EFC00F49D2B /* Build configuration list for PBXNativeTarget "CategoryProject" */;
			buildPhases = (
				54893B611B131EFC00F49D2B /* Sources */,
				54893B621B131EFC00F49D2B /* Frameworks */,
				54893B631B131EFC00F49D2B /* Resources */,
			);
			buildRules = (
			);
			dependencies = (
			);
			name = CategoryProject;
			productName = CategoryProject;
			productReference = 54893B651B131EFC00F49D2B /* CategoryProject.app */;
			productType = "com.apple.product-type.application";
		};
		54893B7D1B131EFC00F49D2B /* CategoryProjectTests */ = {
			isa = PBXNativeTarget;
			buildConfigurationList = 54893B8B1B131EFC00F49D2B /* Build configuration list for PBXNativeTarget "CategoryProjectTests" */;
			buildPhases = (
				54893B7A1B131EFC00F49D2B /* Sources */,
				54893B7B1B131EFC00F49D2B /* Frameworks */,
				54893B7C1B131EFC00F49D2B /* Resources */,
			);
			buildRules = (
			);
			dependencies = (
				54893B801B131EFC00F49D2B /* PBXTargetDependency */,
			);
			name = CategoryProjectTests;
			productName = CategoryProjectTests;
			productReference = 54893B7E1B131EFC00F49D2B /* CategoryProjectTests.xctest */;
			productType = "com.apple.product-type.bundle.unit-test";
		};
/* End PBXNativeTarget section */

/* Begin PBXProject section */
		54893B5D1B131EFC00F49D2B /* Project object */ = {
			isa = PBXProject;
			attributes = {
				LastUpgradeCheck = 0630;
				ORGANIZATIONNAME = Cindy;
				TargetAttributes = {
					54893B641B131EFC00F49D2B = {
						CreatedOnToolsVersion = 6.3.1;
					};
					54893B7D1B131EFC00F49D2B = {
						CreatedOnToolsVersion = 6.3.1;
						TestTargetID = 54893B641B131EFC00F49D2B;
					};
				};
			};
			buildConfigurationList = 54893B601B131EFC00F49D2B /* Build configuration list for PBXProject "CategoryProject" */;
			compatibilityVersion = "Xcode 3.2";
			developmentRegion = English;
			hasScannedForEncodings = 0;
			knownRegions = (
				en,
				Base,
			);
			mainGroup = 54893B5C1B131EFC00F49D2B;
			productRefGroup = 54893B661B131EFC00F49D2B /* Products */;
			projectDirPath = "";
			projectRoot = "";
			targets = (
				54893B641B131EFC00F49D2B /* CategoryProject */,
				54893B7D1B131EFC00F49D2B /* CategoryProjectTests */,
			);
		};
/* End PBXProject section */

/* Begin PBXResourcesBuildPhase section */
		54893B631B131EFC00F49D2B /* Resources */ = {
			isa = PBXResourcesBuildPhase;
			buildActionMask = 2147483647;
			files = (
				54893B741B131EFC00F49D2B /* Main.storyboard in Resources */,
				54893B791B131EFC00F49D2B /* LaunchScreen.xib in Resources */,
				54893B761B131EFC00F49D2B /* Images.xcassets in Resources */,
			);
			runOnlyForDeploymentPostprocessing = 0;
		};
		54893B7C1B131EFC00F49D2B /* Resources */ = {
			isa = PBXResourcesBuildPhase;
			buildActionMask = 2147483647;
			files = (
			);
			runOnlyForDeploymentPostprocessing = 0;
		};
/* End PBXResourcesBuildPhase section */

/* Begin PBXSourcesBuildPhase section */
		54893B611B131EFC00F49D2B /* Sources */ = {
			isa = PBXSourcesBuildPhase;
			buildActionMask = 2147483647;
			files = (
				54893B711B131EFC00F49D2B /* ViewController.m in Sources */,
				54893B6E1B131EFC00F49D2B /* AppDelegate.m in Sources */,
				54893B6B1B131EFC00F49D2B /* main.m in Sources */,
			);
			runOnlyForDeploymentPostprocessing = 0;
		};
		54893B7A1B131EFC00F49D2B /* Sources */ = {
			isa = PBXSourcesBuildPhase;
			buildActionMask = 2147483647;
			files = (
				54893B851B131EFC00F49D2B /* CategoryProjectTests.m in Sources */,
			);
			runOnlyForDeploymentPostprocessing = 0;
		};
/* End PBXSourcesBuildPhase section */

/* Begin PBXTargetDependency section */
		54893B801B131EFC00F49D2B /* PBXTargetDependency */ = {
			isa = PBXTargetDependency;
			target = 54893B641B131EFC00F49D2B /* CategoryProject */;
			targetProxy = 54893B7F1B131EFC00F49D2B /* PBXContainerItemProxy */;
		};
/* End PBXTargetDependency section */

/* Begin PBXVariantGroup section */
		54893B721B131EFC00F49D2B /* Main.storyboard */ = {
			isa = PBXVariantGroup;
			children = (
				54893B731B131EFC00F49D2B /* Base */,
			);
			name = Main.storyboard;
			sourceTree = "<group>";
		};
		54893B771B131EFC00F49D2B /* LaunchScreen.xib */ = {
			isa = PBXVariantGroup;
			children = (
				54893B781B131EFC00F49D2B /* Base */,
			);
			name = LaunchScreen.xib;
			sourceTree = "<group>";
		};
/* End PBXVariantGroup section */

/* Begin XCBuildConfiguration section */
		54893B861B131EFC00F49D2B /* Debug */ = {
			isa = XCBuildConfiguration;
			buildSettings = {
				ALWAYS_SEARCH_USER_PATHS = NO;
				CLANG_CXX_LANGUAGE_STANDARD = "gnu++0x";
				CLANG_CXX_LIBRARY = "libc++";
				CLANG_ENABLE_MODULES = YES;
				CLANG_ENABLE_OBJC_ARC = YES;
				CLANG_WARN_BOOL_CONVERSION = YES;
				CLANG_WARN_CONSTANT_CONVERSION = YES;
				CLANG_WARN_DIRECT_OBJC_ISA_USAGE = YES_ERROR;
				CLANG_WARN_EMPTY_BODY = YES;
				CLANG_WARN_ENUM_CONVERSION = YES;
				CLANG_WARN_INT_CONVERSION = YES;
				CLANG_WARN_OBJC_ROOT_CLASS = YES_ERROR;
				CLANG_WARN_UNREACHABLE_CODE = YES;
				CLANG_WARN__DUPLICATE_METHOD_MATCH = YES;
				"CODE_SIGN_IDENTITY[sdk=iphoneos*]" = "iPhone Developer";
				COPY_PHASE_STRIP = NO;
				DEBUG_INFORMATION_FORMAT = "dwarf-with-dsym";
				ENABLE_STRICT_OBJC_MSGSEND = YES;
				GCC_C_LANGUAGE_STANDARD = gnu99;
				GCC_DYNAMIC_NO_PIC = NO;
				GCC_NO_COMMON_BLOCKS = YES;
				GCC_OPTIMIZATION_LEVEL = 0;
				GCC_PREPROCESSOR_DEFINITIONS = (
					"DEBUG=1",
					"$(inherited)",
				);
				GCC_SYMBOLS_PRIVATE_EXTERN = NO;
				GCC_WARN_64_TO_32_BIT_CONVERSION = YES;
				GCC_WARN_ABOUT_RETURN_TYPE = YES_ERROR;
				GCC_WARN_UNDECLARED_SELECTOR = YES;
				GCC_WARN_UNINITIALIZED_AUTOS = YES_AGGRESSIVE;
				GCC_WARN_UNUSED_FUNCTION = YES;
				GCC_WARN_UNUSED_VARIABLE = YES;
				IPHONEOS_DEPLOYMENT_TARGET = 8.3;
				MTL_ENABLE_DEBUG_INFO = YES;
				ONLY_ACTIVE_ARCH = YES;
				SDKROOT = iphoneos;
			};
			name = Debug;
		};
		54893B871B131EFC00F49D2B /* Release */ = {
			isa = XCBuildConfiguration;
			buildSettings = {
				ALWAYS_SEARCH_USER_PATHS = NO;
				CLANG_CXX_LANGUAGE_STANDARD = "gnu++0x";
				CLANG_CXX_LIBRARY = "libc++";
				CLANG_ENABLE_MODULES = YES;
				CLANG_ENABLE_OBJC_ARC = YES;
				CLANG_WARN_BOOL_CONVERSION = YES;
				CLANG_WARN_CONSTANT_CONVERSION = YES;
				CLANG_WARN_DIRECT_OBJC_ISA_USAGE = YES_ERROR;
				CLANG_WARN_EMPTY_BODY = YES;
				CLANG_WARN_ENUM_CONVERSION = YES;
				CLANG_WARN_INT_CONVERSION = YES;
				CLANG_WARN_OBJC_ROOT_CLASS = YES_ERROR;
				CLANG_WARN_UNREACHABLE_CODE = YES;
				CLANG_WARN__DUPLICATE_METHOD_MATCH = YES;
				"CODE_SIGN_IDENTITY[sdk=iphoneos*]" = "iPhone Developer";
				COPY_PHASE_STRIP = NO;
				DEBUG_INFORMATION_FORMAT = "dwarf-with-dsym";
				ENABLE_NS_ASSERTIONS = NO;
				ENABLE_STRICT_OBJC_MSGSEND = YES;
				GCC_C_LANGUAGE_STANDARD = gnu99;
				GCC_NO_COMMON_BLOCKS = YES;
				GCC_WARN_64_TO_32_BIT_CONVERSION = YES;
				GCC_WARN_ABOUT_RETURN_TYPE = YES_ERROR;
				GCC_WARN_UNDECLARED_SELECTOR = YES;
				GCC_WARN_UNINITIALIZED_AUTOS = YES_AGGRESSIVE;
				GCC_WARN_UNUSED_FUNCTION = YES;
				GCC_WARN_UNUSED_VARIABLE = YES;
				IPHONEOS_DEPLOYMENT_TARGET = 8.3;
				MTL_ENABLE_DEBUG_INFO = NO;
				SDKROOT = iphoneos;
				VALIDATE_PRODUCT = YES;
			};
			name = Release;
		};
		54893B891B131EFC00F49D2B /* Debug */ = {
			isa = XCBuildConfiguration;
			buildSettings = {
				ASSETCATALOG_COMPILER_APPICON_NAME = AppIcon;
				INFOPLIST_FILE = CategoryProject/Info.plist;
				LD_RUNPATH_SEARCH_PATHS = "$(inherited) @executable_path/Frameworks";
				PRODUCT_NAME = "$(TARGET_NAME)";
			};
			name = Debug;
		};
		54893B8A1B131EFC00F49D2B /* Release */ = {
			isa = XCBuildConfiguration;
			buildSettings = {
				ASSETCATALOG_COMPILER_APPICON_NAME = AppIcon;
				INFOPLIST_FILE = CategoryProject/Info.plist;
				LD_RUNPATH_SEARCH_PATHS = "$(inherited) @executable_path/Frameworks";
				PRODUCT_NAME = "$(TARGET_NAME)";
			};
			name = Release;
		};
		54893B8C1B131EFC00F49D2B /* Debug */ = {
			isa = XCBuildConfiguration;
			buildSettings = {
				BUNDLE_LOADER = "$(TEST_HOST)";
				FRAMEWORK_SEARCH_PATHS = (
					"$(SDKROOT)/Developer/Library/Frameworks",
					"$(inherited)",
				);
				GCC_PREPROCESSOR_DEFINITIONS = (
					"DEBUG=1",
					"$(inherited)",
				);
				INFOPLIST_FILE = CategoryProjectTests/Info.plist;
				LD_RUNPATH_SEARCH_PATHS = "$(inherited) @executable_path/Frameworks @loader_path/Frameworks";
				PRODUCT_NAME = "$(TARGET_NAME)";
				TEST_HOST = "$(BUILT_PRODUCTS_DIR)/CategoryProject.app/CategoryProject";
			};
			name = Debug;
		};
		54893B8D1B131EFC00F49D2B /* Release */ = {
			isa = XCBuildConfiguration;
			buildSettings = {
				BUNDLE_LOADER = "$(TEST_HOST)";
				FRAMEWORK_SEARCH_PATHS = (
					"$(SDKROOT)/Developer/Library/Frameworks",
					"$(inherited)",
				);
				INFOPLIST_FILE = CategoryProjectTests/Info.plist;
				LD_RUNPATH_SEARCH_PATHS = "$(inherited) @executable_path/Frameworks @loader_path/Frameworks";
				PRODUCT_NAME = "$(TARGET_NAME)";
				TEST_HOST = "$(BUILT_PRODUCTS_DIR)/CategoryProject.app/CategoryProject";
			};
			name = Release;
		};
/* End XCBuildConfiguration section */

/* Begin XCConfigurationList section */
		54893B601B131EFC00F49D2B /* Build configuration list for PBXProject "CategoryProject" */ = {
			isa = XCConfigurationList;
			buildConfigurations = (
				54893B861B131EFC00F49D2B /* Debug */,
				54893B871B131EFC00F49D2B /* Release */,
			);
			defaultConfigurationIsVisible = 0;
			defaultConfigurationName = Release;
		};
		54893B881B131EFC00F49D2B /* Build configuration list for PBXNativeTarget "CategoryProject" */ = {
			isa = XCConfigurationList;
			buildConfigurations = (
				54893B891B131EFC00F49D2B /* Debug */,
				54893B8A1B131EFC00F49D2B /* Release */,
			);
			defaultConfigurationIsVisible = 0;
		};
		54893B8B1B131EFC00F49D2B /* Build configuration list for PBXNativeTarget "CategoryProjectTests" */ = {
			isa = XCConfigurationList;
			buildConfigurations = (
				54893B8C1B131EFC00F49D2B /* Debug */,
				54893B8D1B131EFC00F49D2B /* Release */,
			);
			defaultConfigurationIsVisible = 0;
		};
/* End XCConfigurationList section */
	};
	rootObject = 54893B5D1B131EFC00F49D2B /* Project object */;
}
